
Microsoft Visual Studio Solution File, Format Version 12.00
# Visual Studio Version 17
VisualStudioVersion = 17.4.33213.308
MinimumVisualStudioVersion = 10.0.40219.1
Project("{9A19103F-16F7-4668-BE54-9A1E7A4F7556}") = "BlazorEcommerce.Server", "BlazorEcommerce\Server\BlazorEcommerce.Server.csproj", "{41F82D0A-6817-49B9-8A8C-08132D480C67}"
EndProject
Project("{9A19103F-16F7-4668-BE54-9A1E7A4F7556}") = "BlazorEcommerce.Client", "BlazorEcommerce\Client\BlazorEcommerce.Client.csproj", "{550E3C37-0AF8-418E-A50D-9913F3C6BA2C}"
EndProject
Project("{9A19103F-16F7-4668-BE54-9A1E7A4F7556}") = "BlazorEcommerce.Shared", "BlazorEcommerce\Shared\BlazorEcommerce.Shared.csproj", "{86076FCD-DA8D-4B06-87D8-173D22563E57}"
EndProject
Global
	GlobalSection(SolutionConfigurationPlatforms) = preSolution
		Debug|Any CPU = Debug|Any CPU
		Release|Any CPU = Release|Any CPU
	EndGlobalSection
	GlobalSection(ProjectConfigurationPlatforms) = postSolution
		{41F82D0A-6817-49B9-8A8C-08132D480C67}.Debug|Any CPU.ActiveCfg = Debug|Any CPU
		{41F82D0A-6817-49B9-8A8C-08132D480C67}.Debug|Any CPU.Build.0 = Debug|Any CPU
		{41F82D0A-6817-49B9-8A8C-08132D480C67}.Release|Any CPU.ActiveCfg = Release|Any CPU
		{41F82D0A-6817-49B9-8A8C-08132D480C67}.Release|Any CPU.Build.0 = Release|Any CPU
		{550E3C37-0AF8-418E-A50D-9913F3C6BA2C}.Debug|Any CPU.ActiveCfg = Debug|Any CPU
		{550E3C37-0AF8-418E-A50D-9913F3C6BA2C}.Debug|Any CPU.Build.0 = Debug|Any CPU
		{550E3C37-0AF8-418E-A50D-9913F3C6BA2C}.Release|Any CPU.ActiveCfg = Release|Any CPU
		{550E3C37-0AF8-418E-A50D-9913F3C6BA2C}.Release|Any CPU.Build.0 = Release|Any CPU
		{86076FCD-DA8D-4B06-87D8-173D22563E57}.Debug|Any CPU.ActiveCfg = Debug|Any CPU
		{86076FCD-DA8D-4B06-87D8-173D22563E57}.Debug|Any CPU.Build.0 = Debug|Any CPU
		{86076FCD-DA8D-4B06-87D8-173D22563E57}.Release|Any CPU.ActiveCfg = Release|Any CPU
		{86076FCD-DA8D-4B06-87D8-173D22563E57}.Release|Any CPU.Build.0 = Release|Any CPU
	EndGlobalSection
	GlobalSection(SolutionProperties) = preSolution
		HideSolutionNode = FALSE
	EndGlobalSection
	GlobalSection(ExtensibilityGlobals) = postSolution
		SolutionGuid = {CC68D965-75B8-4099-900A-EF91416AEDF3}
	EndGlobalSection
EndGlobal
